
Microsoft Visual Studio Solution File, Format Version 12.00
# Visual Studio Version 16
VisualStudioVersion = 16.0.31019.35
MinimumVisualStudioVersion = 10.0.40219.1
Project("{FAE04EC0-301F-11D3-BF4B-00C04F79EFBC}") = "Snake and ladder", "Snake and ladder\Snake and ladder.csproj", "{6B2F7CD7-148F-45B3-AAC4-2445BF68F0C6}"
EndProject
Global
	GlobalSection(SolutionConfigurationPlatforms) = preSolution
		Debug|Any CPU = Debug|Any CPU
		Release|Any CPU = Release|Any CPU
	EndGlobalSection
	GlobalSection(ProjectConfigurationPlatforms) = postSolution
		{6B2F7CD7-148F-45B3-AAC4-2445BF68F0C6}.Debug|Any CPU.ActiveCfg = Debug|Any CPU
		{6B2F7CD7-148F-45B3-AAC4-2445BF68F0C6}.Debug|Any CPU.Build.0 = Debug|Any CPU
		{6B2F7CD7-148F-45B3-AAC4-2445BF68F0C6}.Release|Any CPU.ActiveCfg = Release|Any CPU
		{6B2F7CD7-148F-45B3-AAC4-2445BF68F0C6}.Release|Any CPU.Build.0 = Release|Any CPU
	EndGlobalSection
	GlobalSection(SolutionProperties) = preSolution
		HideSolutionNode = FALSE
	EndGlobalSection
	GlobalSection(ExtensibilityGlobals) = postSolution
		SolutionGuid = {391C611C-F172-432C-89FC-2D1D7DA3676E}
	EndGlobalSection
EndGlobal
